
Microsoft Visual Studio Solution File, Format Version 12.00
# Visual Studio 2012
Project("{FAE04EC0-301F-11D3-BF4B-00C04F79EFBC}") = "Venmo", "Venmo\Venmo.csproj", "{569BF76D-5F50-427E-AA8C-BC5C651FDA25}"
EndProject
Project("{2150E333-8FDC-42A3-9474-1A3956D46DE8}") = "Solution Items", "Solution Items", "{1BF71B8C-31A1-4B8A-B913-9B3C9D4DF6E2}"
EndProject
Global
	GlobalSection(SolutionConfigurationPlatforms) = preSolution
		Debug|Any CPU = Debug|Any CPU
		Debug|ARM = Debug|ARM
		Debug|x86 = Debug|x86
		Release|Any CPU = Release|Any CPU
		Release|ARM = Release|ARM
		Release|x86 = Release|x86
	EndGlobalSection
	GlobalSection(ProjectConfigurationPlatforms) = postSolution
		{569BF76D-5F50-427E-AA8C-BC5C651FDA25}.Debug|Any CPU.ActiveCfg = Debug|Any CPU
		{569BF76D-5F50-427E-AA8C-BC5C651FDA25}.Debug|Any CPU.Build.0 = Debug|Any CPU
		{569BF76D-5F50-427E-AA8C-BC5C651FDA25}.Debug|Any CPU.Deploy.0 = Debug|Any CPU
		{569BF76D-5F50-427E-AA8C-BC5C651FDA25}.Debug|ARM.ActiveCfg = Debug|ARM
		{569BF76D-5F50-427E-AA8C-BC5C651FDA25}.Debug|ARM.Build.0 = Debug|ARM
		{569BF76D-5F50-427E-AA8C-BC5C651FDA25}.Debug|ARM.Deploy.0 = Debug|ARM
		{569BF76D-5F50-427E-AA8C-BC5C651FDA25}.Debug|x86.ActiveCfg = Debug|x86
		{569BF76D-5F50-427E-AA8C-BC5C651FDA25}.Debug|x86.Build.0 = Debug|x86
		{569BF76D-5F50-427E-AA8C-BC5C651FDA25}.Debug|x86.Deploy.0 = Debug|x86
		{569BF76D-5F50-427E-AA8C-BC5C651FDA25}.Release|Any CPU.ActiveCfg = Release|Any CPU
		{569BF76D-5F50-427E-AA8C-BC5C651FDA25}.Release|Any CPU.Build.0 = Release|Any CPU
		{569BF76D-5F50-427E-AA8C-BC5C651FDA25}.Release|Any CPU.Deploy.0 = Release|Any CPU
		{569BF76D-5F50-427E-AA8C-BC5C651FDA25}.Release|ARM.ActiveCfg = Release|ARM
		{569BF76D-5F50-427E-AA8C-BC5C651FDA25}.Release|ARM.Build.0 = Release|ARM
		{569BF76D-5F50-427E-AA8C-BC5C651FDA25}.Release|ARM.Deploy.0 = Release|ARM
		{569BF76D-5F50-427E-AA8C-BC5C651FDA25}.Release|x86.ActiveCfg = Release|x86
		{569BF76D-5F50-427E-AA8C-BC5C651FDA25}.Release|x86.Build.0 = Release|x86
		{569BF76D-5F50-427E-AA8C-BC5C651FDA25}.Release|x86.Deploy.0 = Release|x86
	EndGlobalSection
	GlobalSection(SolutionProperties) = preSolution
		HideSolutionNode = FALSE
	EndGlobalSection
EndGlobal
